
Microsoft Visual Studio Solution File, Format Version 12.00
# Visual Studio Version 17
VisualStudioVersion = 17.3.32819.101
MinimumVisualStudioVersion = 10.0.40219.1
Project("{FAE04EC0-301F-11D3-BF4B-00C04F79EFBC}") = "Upgift 3.14", "Upgift 3.14\Upgift 3.14.csproj", "{5B7330CE-93C4-4BA9-AECF-C5A4AEF63665}"
EndProject
Global
	GlobalSection(SolutionConfigurationPlatforms) = preSolution
		Debug|Any CPU = Debug|Any CPU
		Release|Any CPU = Release|Any CPU
	EndGlobalSection
	GlobalSection(ProjectConfigurationPlatforms) = postSolution
		{5B7330CE-93C4-4BA9-AECF-C5A4AEF63665}.Debug|Any CPU.ActiveCfg = Debug|Any CPU
		{5B7330CE-93C4-4BA9-AECF-C5A4AEF63665}.Debug|Any CPU.Build.0 = Debug|Any CPU
		{5B7330CE-93C4-4BA9-AECF-C5A4AEF63665}.Release|Any CPU.ActiveCfg = Release|Any CPU
		{5B7330CE-93C4-4BA9-AECF-C5A4AEF63665}.Release|Any CPU.Build.0 = Release|Any CPU
	EndGlobalSection
	GlobalSection(SolutionProperties) = preSolution
		HideSolutionNode = FALSE
	EndGlobalSection
	GlobalSection(ExtensibilityGlobals) = postSolution
		SolutionGuid = {DE3D04C4-C32D-4BFD-A4C8-D9A6A3A8DC8A}
	EndGlobalSection
EndGlobal
